
Microsoft Visual Studio Solution File, Format Version 11.00
# Visual Studio 2010
Project("{FAE04EC0-301F-11D3-BF4B-00C04F79EFBC}") = "RDotNet.NativeLibrary", "rdotnet\RDotNet.NativeLibrary\RDotNet.NativeLibrary.csproj", "{2A089A59-0F22-4484-B442-0FE8BDA10879}"
EndProject
Project("{FAE04EC0-301F-11D3-BF4B-00C04F79EFBC}") = "RDotNet", "rdotnet\R.NET\RDotNet.csproj", "{0923E1A0-2032-4997-AB73-49E42C4034A9}"
EndProject
Project("{FAE04EC0-301F-11D3-BF4B-00C04F79EFBC}") = "DummyApp", "RDotNetDataConverter\DummyApp\DummyApp.csproj", "{5BAEA594-B688-46DC-9CC3-A794DB5375D4}"
EndProject
Global
	GlobalSection(SolutionConfigurationPlatforms) = preSolution
		Debug|Any CPU = Debug|Any CPU
		MonoDebug|Any CPU = MonoDebug|Any CPU
		MonoInstall|Any CPU = MonoInstall|Any CPU
		MonoInstallDebug|Any CPU = MonoInstallDebug|Any CPU
		Release|Any CPU = Release|Any CPU
		Unix|Any CPU = Unix|Any CPU
		UnixDebug|Any CPU = UnixDebug|Any CPU
	EndGlobalSection
	GlobalSection(ProjectConfigurationPlatforms) = postSolution
		{0923E1A0-2032-4997-AB73-49E42C4034A9}.Debug|Any CPU.ActiveCfg = Debug|Any CPU
		{0923E1A0-2032-4997-AB73-49E42C4034A9}.Debug|Any CPU.Build.0 = Debug|Any CPU
		{0923E1A0-2032-4997-AB73-49E42C4034A9}.MonoDebug|Any CPU.ActiveCfg = Debug|Any CPU
		{0923E1A0-2032-4997-AB73-49E42C4034A9}.MonoDebug|Any CPU.Build.0 = Debug|Any CPU
		{0923E1A0-2032-4997-AB73-49E42C4034A9}.MonoInstall|Any CPU.ActiveCfg = Debug|Any CPU
		{0923E1A0-2032-4997-AB73-49E42C4034A9}.MonoInstall|Any CPU.Build.0 = Debug|Any CPU
		{0923E1A0-2032-4997-AB73-49E42C4034A9}.MonoInstallDebug|Any CPU.ActiveCfg = Debug|Any CPU
		{0923E1A0-2032-4997-AB73-49E42C4034A9}.MonoInstallDebug|Any CPU.Build.0 = Debug|Any CPU
		{0923E1A0-2032-4997-AB73-49E42C4034A9}.Release|Any CPU.ActiveCfg = Release|Any CPU
		{0923E1A0-2032-4997-AB73-49E42C4034A9}.Release|Any CPU.Build.0 = Release|Any CPU
		{0923E1A0-2032-4997-AB73-49E42C4034A9}.Unix|Any CPU.ActiveCfg = Unix|Any CPU
		{0923E1A0-2032-4997-AB73-49E42C4034A9}.Unix|Any CPU.Build.0 = Unix|Any CPU
		{0923E1A0-2032-4997-AB73-49E42C4034A9}.UnixDebug|Any CPU.ActiveCfg = UnixDebug|Any CPU
		{0923E1A0-2032-4997-AB73-49E42C4034A9}.UnixDebug|Any CPU.Build.0 = UnixDebug|Any CPU
		{2A089A59-0F22-4484-B442-0FE8BDA10879}.Debug|Any CPU.ActiveCfg = Debug|Any CPU
		{2A089A59-0F22-4484-B442-0FE8BDA10879}.Debug|Any CPU.Build.0 = Debug|Any CPU
		{2A089A59-0F22-4484-B442-0FE8BDA10879}.MonoDebug|Any CPU.ActiveCfg = Debug|Any CPU
		{2A089A59-0F22-4484-B442-0FE8BDA10879}.MonoDebug|Any CPU.Build.0 = Debug|Any CPU
		{2A089A59-0F22-4484-B442-0FE8BDA10879}.MonoInstall|Any CPU.ActiveCfg = Debug|Any CPU
		{2A089A59-0F22-4484-B442-0FE8BDA10879}.MonoInstall|Any CPU.Build.0 = Debug|Any CPU
		{2A089A59-0F22-4484-B442-0FE8BDA10879}.MonoInstallDebug|Any CPU.ActiveCfg = Debug|Any CPU
		{2A089A59-0F22-4484-B442-0FE8BDA10879}.MonoInstallDebug|Any CPU.Build.0 = Debug|Any CPU
		{2A089A59-0F22-4484-B442-0FE8BDA10879}.Release|Any CPU.ActiveCfg = Release|Any CPU
		{2A089A59-0F22-4484-B442-0FE8BDA10879}.Release|Any CPU.Build.0 = Release|Any CPU
		{2A089A59-0F22-4484-B442-0FE8BDA10879}.Unix|Any CPU.ActiveCfg = Unix|Any CPU
		{2A089A59-0F22-4484-B442-0FE8BDA10879}.Unix|Any CPU.Build.0 = Unix|Any CPU
		{2A089A59-0F22-4484-B442-0FE8BDA10879}.UnixDebug|Any CPU.ActiveCfg = UnixDebug|Any CPU
		{2A089A59-0F22-4484-B442-0FE8BDA10879}.UnixDebug|Any CPU.Build.0 = UnixDebug|Any CPU
		{5BAEA594-B688-46DC-9CC3-A794DB5375D4}.Debug|Any CPU.ActiveCfg = Debug|Any CPU
		{5BAEA594-B688-46DC-9CC3-A794DB5375D4}.Debug|Any CPU.Build.0 = Debug|Any CPU
		{5BAEA594-B688-46DC-9CC3-A794DB5375D4}.MonoDebug|Any CPU.ActiveCfg = Debug|Any CPU
		{5BAEA594-B688-46DC-9CC3-A794DB5375D4}.MonoDebug|Any CPU.Build.0 = Debug|Any CPU
		{5BAEA594-B688-46DC-9CC3-A794DB5375D4}.MonoInstall|Any CPU.ActiveCfg = Debug|Any CPU
		{5BAEA594-B688-46DC-9CC3-A794DB5375D4}.MonoInstall|Any CPU.Build.0 = Debug|Any CPU
		{5BAEA594-B688-46DC-9CC3-A794DB5375D4}.MonoInstallDebug|Any CPU.ActiveCfg = Debug|Any CPU
		{5BAEA594-B688-46DC-9CC3-A794DB5375D4}.Release|Any CPU.ActiveCfg = Release|Any CPU
		{5BAEA594-B688-46DC-9CC3-A794DB5375D4}.Release|Any CPU.Build.0 = Release|Any CPU
		{5BAEA594-B688-46DC-9CC3-A794DB5375D4}.Unix|Any CPU.ActiveCfg = Debug|Any CPU
		{5BAEA594-B688-46DC-9CC3-A794DB5375D4}.Unix|Any CPU.Build.0 = Debug|Any CPU
		{5BAEA594-B688-46DC-9CC3-A794DB5375D4}.UnixDebug|Any CPU.ActiveCfg = Debug|Any CPU
		{5BAEA594-B688-46DC-9CC3-A794DB5375D4}.UnixDebug|Any CPU.Build.0 = Debug|Any CPU
	EndGlobalSection
	GlobalSection(MonoDevelopProperties) = preSolution
		StartupItem = RDotNetDataConverter\DummyApp\DummyApp.csproj
	EndGlobalSection
	GlobalSection(SolutionProperties) = preSolution
		HideSolutionNode = FALSE
	EndGlobalSection
EndGlobal
