
Microsoft Visual Studio Solution File, Format Version 12.00
# Visual C++ Express 2010
Project("{8BC9CEB8-8B4A-11D0-8D11-00A0C91BC942}") = "rClr", "rClr.vcxproj", "{1EE5689F-F71E-49E1-874A-0DF63E174635}"
EndProject
Project("{8BC9CEB8-8B4A-11D0-8D11-00A0C91BC942}") = "monotests", "..\monotests\monotests.vcxproj", "{2583ED84-98AD-4365-AC29-09369C885A8A}"
EndProject
Project("{8BC9CEB8-8B4A-11D0-8D11-00A0C91BC942}") = "cmdline_rClr", "..\..\..\..\..\hydropackage\branches\rClrDev\packages\rClr\src\cmdline_rClr\cmdline_rClr.vcxproj", "{0E42E7A3-0BE2-05B2-C555-6B6FAE5C301C}"
EndProject
Global
	GlobalSection(SolutionConfigurationPlatforms) = preSolution
		Debug|Any CPU = Debug|Any CPU
		Debug|Mixed Platforms = Debug|Mixed Platforms
		Debug|x64 = Debug|x64
		Release|Any CPU = Release|Any CPU
		Release|Mixed Platforms = Release|Mixed Platforms
		Release|x64 = Release|x64
	EndGlobalSection
	GlobalSection(ProjectConfigurationPlatforms) = postSolution
		{1EE5689F-F71E-49E1-874A-0DF63E174635}.Debug|x64.ActiveCfg = Debug|x64
		{1EE5689F-F71E-49E1-874A-0DF63E174635}.Debug|x64.Build.0 = Debug|x64
		{1EE5689F-F71E-49E1-874A-0DF63E174635}.Release|x64.ActiveCfg = Release|x64
		{1EE5689F-F71E-49E1-874A-0DF63E174635}.Release|x64.Build.0 = Release|x64
		{0E42E7A3-0BE2-05B2-C555-6B6FAE5C301C}.Debug|Any CPU.ActiveCfg = Debug|x64
		{0E42E7A3-0BE2-05B2-C555-6B6FAE5C301C}.Debug|Mixed Platforms.ActiveCfg = Debug|x64
		{0E42E7A3-0BE2-05B2-C555-6B6FAE5C301C}.Debug|Mixed Platforms.Build.0 = Debug|x64
		{0E42E7A3-0BE2-05B2-C555-6B6FAE5C301C}.Debug|x64.ActiveCfg = Debug|x64
		{0E42E7A3-0BE2-05B2-C555-6B6FAE5C301C}.Debug|x64.Build.0 = Debug|x64
		{0E42E7A3-0BE2-05B2-C555-6B6FAE5C301C}.Release|Any CPU.ActiveCfg = Release|x64
		{0E42E7A3-0BE2-05B2-C555-6B6FAE5C301C}.Release|Mixed Platforms.ActiveCfg = Release|x64
		{0E42E7A3-0BE2-05B2-C555-6B6FAE5C301C}.Release|Mixed Platforms.Build.0 = Release|x64
		{0E42E7A3-0BE2-05B2-C555-6B6FAE5C301C}.Release|x64.ActiveCfg = Release|x64
		{0E42E7A3-0BE2-05B2-C555-6B6FAE5C301C}.Release|x64.Build.0 = Release|x64
	EndGlobalSection
	GlobalSection(SolutionProperties) = preSolution
		HideSolutionNode = FALSE
	EndGlobalSection
EndGlobal
