
Microsoft Visual Studio Solution File, Format Version 12.00
# Visual C# Express 2010
Project("{FAE04EC0-301F-11D3-BF4B-00C04F79EFBC}") = "ClrFacade", "ClrFacade\ClrFacade.csproj", "{024B0C26-BED0-467D-B332-E9796B756133}"
EndProject
Global
	GlobalSection(SolutionConfigurationPlatforms) = preSolution
		Debug|Any CPU = Debug|Any CPU
		Debug|Mixed Platforms = Debug|Mixed Platforms
		Debug|x64 = Debug|x64
		Release|Any CPU = Release|Any CPU
		Release|Mixed Platforms = Release|Mixed Platforms
		Release|x64 = Release|x64
	EndGlobalSection
	GlobalSection(ProjectConfigurationPlatforms) = postSolution
		{024B0C26-BED0-467D-B332-E9796B756133}.Debug|Any CPU.ActiveCfg = Debug|Any CPU
		{024B0C26-BED0-467D-B332-E9796B756133}.Debug|Any CPU.Build.0 = Debug|Any CPU
		{024B0C26-BED0-467D-B332-E9796B756133}.Debug|Mixed Platforms.ActiveCfg = Debug|Any CPU
		{024B0C26-BED0-467D-B332-E9796B756133}.Debug|Mixed Platforms.Build.0 = Debug|Any CPU
		{024B0C26-BED0-467D-B332-E9796B756133}.Debug|x64.ActiveCfg = Debug|Any CPU
		{024B0C26-BED0-467D-B332-E9796B756133}.Debug|x64.Build.0 = Debug|Any CPU
		{024B0C26-BED0-467D-B332-E9796B756133}.Release|Any CPU.ActiveCfg = Release|Any CPU
		{024B0C26-BED0-467D-B332-E9796B756133}.Release|Any CPU.Build.0 = Release|Any CPU
		{024B0C26-BED0-467D-B332-E9796B756133}.Release|Mixed Platforms.ActiveCfg = Release|Any CPU
		{024B0C26-BED0-467D-B332-E9796B756133}.Release|Mixed Platforms.Build.0 = Release|Any CPU
		{024B0C26-BED0-467D-B332-E9796B756133}.Release|x64.ActiveCfg = Release|Any CPU
	EndGlobalSection
	GlobalSection(SolutionProperties) = preSolution
		HideSolutionNode = FALSE
	EndGlobalSection
EndGlobal
