
Microsoft Visual Studio Solution File, Format Version 12.00
# Visual Studio 15
VisualStudioVersion = 15.0.27703.2035
MinimumVisualStudioVersion = 10.0.40219.1
Project("{8BC9CEB8-8B4A-11D0-8D11-00A0C91BC942}") = "rClr", "rClr.vcxproj", "{1EE5689F-F71E-49E1-874A-0DF63E174635}"
EndProject
Project("{FAE04EC0-301F-11D3-BF4B-00C04F79EFBC}") = "ClrFacade", "ClrFacade\ClrFacade.csproj", "{024B0C26-BED0-467D-B332-E9796B756133}"
EndProject
Project("{FAE04EC0-301F-11D3-BF4B-00C04F79EFBC}") = "RclrTests", "RclrTests\RclrTests.csproj", "{D07290EB-5755-453C-8CD6-5CDDED3400BE}"
EndProject
Global
	GlobalSection(SolutionConfigurationPlatforms) = preSolution
		Debug|Any CPU = Debug|Any CPU
		Debug|Mixed Platforms = Debug|Mixed Platforms
		Debug|Win32 = Debug|Win32
		Debug|x64 = Debug|x64
		MonoDebug|Any CPU = MonoDebug|Any CPU
		MonoDebug|Mixed Platforms = MonoDebug|Mixed Platforms
		MonoDebug|Win32 = MonoDebug|Win32
		MonoDebug|x64 = MonoDebug|x64
		MonoInstall|Any CPU = MonoInstall|Any CPU
		MonoInstall|Mixed Platforms = MonoInstall|Mixed Platforms
		MonoInstall|Win32 = MonoInstall|Win32
		MonoInstall|x64 = MonoInstall|x64
		MonoInstallDebug|Any CPU = MonoInstallDebug|Any CPU
		MonoInstallDebug|Mixed Platforms = MonoInstallDebug|Mixed Platforms
		MonoInstallDebug|Win32 = MonoInstallDebug|Win32
		MonoInstallDebug|x64 = MonoInstallDebug|x64
		Release|Any CPU = Release|Any CPU
		Release|Mixed Platforms = Release|Mixed Platforms
		Release|Win32 = Release|Win32
		Release|x64 = Release|x64
		UnixDebug|Any CPU = UnixDebug|Any CPU
		UnixDebug|Mixed Platforms = UnixDebug|Mixed Platforms
		UnixDebug|Win32 = UnixDebug|Win32
		UnixDebug|x64 = UnixDebug|x64
	EndGlobalSection
	GlobalSection(ProjectConfigurationPlatforms) = postSolution
		{1EE5689F-F71E-49E1-874A-0DF63E174635}.Debug|Any CPU.ActiveCfg = Debug|Win32
		{1EE5689F-F71E-49E1-874A-0DF63E174635}.Debug|Mixed Platforms.ActiveCfg = Debug|Win32
		{1EE5689F-F71E-49E1-874A-0DF63E174635}.Debug|Mixed Platforms.Build.0 = Debug|Win32
		{1EE5689F-F71E-49E1-874A-0DF63E174635}.Debug|Win32.ActiveCfg = Debug|Win32
		{1EE5689F-F71E-49E1-874A-0DF63E174635}.Debug|Win32.Build.0 = Debug|Win32
		{1EE5689F-F71E-49E1-874A-0DF63E174635}.Debug|x64.ActiveCfg = Debug|x64
		{1EE5689F-F71E-49E1-874A-0DF63E174635}.Debug|x64.Build.0 = Debug|x64
		{1EE5689F-F71E-49E1-874A-0DF63E174635}.MonoDebug|Any CPU.ActiveCfg = MonoDebug|Win32
		{1EE5689F-F71E-49E1-874A-0DF63E174635}.MonoDebug|Mixed Platforms.ActiveCfg = MonoDebug|Win32
		{1EE5689F-F71E-49E1-874A-0DF63E174635}.MonoDebug|Mixed Platforms.Build.0 = MonoDebug|Win32
		{1EE5689F-F71E-49E1-874A-0DF63E174635}.MonoDebug|Win32.ActiveCfg = MonoDebug|Win32
		{1EE5689F-F71E-49E1-874A-0DF63E174635}.MonoDebug|Win32.Build.0 = MonoDebug|Win32
		{1EE5689F-F71E-49E1-874A-0DF63E174635}.MonoDebug|x64.ActiveCfg = MonoDebug|x64
		{1EE5689F-F71E-49E1-874A-0DF63E174635}.MonoDebug|x64.Build.0 = MonoDebug|x64
		{1EE5689F-F71E-49E1-874A-0DF63E174635}.MonoInstall|Any CPU.ActiveCfg = MonoInstall|Win32
		{1EE5689F-F71E-49E1-874A-0DF63E174635}.MonoInstall|Mixed Platforms.ActiveCfg = MonoInstall|Win32
		{1EE5689F-F71E-49E1-874A-0DF63E174635}.MonoInstall|Mixed Platforms.Build.0 = MonoInstall|Win32
		{1EE5689F-F71E-49E1-874A-0DF63E174635}.MonoInstall|Win32.ActiveCfg = MonoInstall|Win32
		{1EE5689F-F71E-49E1-874A-0DF63E174635}.MonoInstall|Win32.Build.0 = MonoInstall|Win32
		{1EE5689F-F71E-49E1-874A-0DF63E174635}.MonoInstall|x64.ActiveCfg = MonoInstall|x64
		{1EE5689F-F71E-49E1-874A-0DF63E174635}.MonoInstall|x64.Build.0 = MonoInstall|x64
		{1EE5689F-F71E-49E1-874A-0DF63E174635}.MonoInstallDebug|Any CPU.ActiveCfg = MonoInstallDebug|Win32
		{1EE5689F-F71E-49E1-874A-0DF63E174635}.MonoInstallDebug|Mixed Platforms.ActiveCfg = MonoInstallDebug|Win32
		{1EE5689F-F71E-49E1-874A-0DF63E174635}.MonoInstallDebug|Mixed Platforms.Build.0 = MonoInstallDebug|Win32
		{1EE5689F-F71E-49E1-874A-0DF63E174635}.MonoInstallDebug|Win32.ActiveCfg = MonoInstallDebug|Win32
		{1EE5689F-F71E-49E1-874A-0DF63E174635}.MonoInstallDebug|Win32.Build.0 = MonoInstallDebug|Win32
		{1EE5689F-F71E-49E1-874A-0DF63E174635}.MonoInstallDebug|x64.ActiveCfg = MonoInstallDebug|x64
		{1EE5689F-F71E-49E1-874A-0DF63E174635}.MonoInstallDebug|x64.Build.0 = MonoInstallDebug|x64
		{1EE5689F-F71E-49E1-874A-0DF63E174635}.Release|Any CPU.ActiveCfg = Release|Win32
		{1EE5689F-F71E-49E1-874A-0DF63E174635}.Release|Mixed Platforms.ActiveCfg = Release|Win32
		{1EE5689F-F71E-49E1-874A-0DF63E174635}.Release|Mixed Platforms.Build.0 = Release|Win32
		{1EE5689F-F71E-49E1-874A-0DF63E174635}.Release|Win32.ActiveCfg = Release|Win32
		{1EE5689F-F71E-49E1-874A-0DF63E174635}.Release|Win32.Build.0 = Release|Win32
		{1EE5689F-F71E-49E1-874A-0DF63E174635}.Release|x64.ActiveCfg = Release|x64
		{1EE5689F-F71E-49E1-874A-0DF63E174635}.Release|x64.Build.0 = Release|x64
		{1EE5689F-F71E-49E1-874A-0DF63E174635}.UnixDebug|Any CPU.ActiveCfg = Debug|Win32
		{1EE5689F-F71E-49E1-874A-0DF63E174635}.UnixDebug|Mixed Platforms.ActiveCfg = Debug|Win32
		{1EE5689F-F71E-49E1-874A-0DF63E174635}.UnixDebug|Mixed Platforms.Build.0 = Debug|Win32
		{1EE5689F-F71E-49E1-874A-0DF63E174635}.UnixDebug|Win32.ActiveCfg = Debug|Win32
		{1EE5689F-F71E-49E1-874A-0DF63E174635}.UnixDebug|Win32.Build.0 = Debug|Win32
		{1EE5689F-F71E-49E1-874A-0DF63E174635}.UnixDebug|x64.ActiveCfg = Debug|x64
		{1EE5689F-F71E-49E1-874A-0DF63E174635}.UnixDebug|x64.Build.0 = Debug|x64
		{024B0C26-BED0-467D-B332-E9796B756133}.Debug|Any CPU.ActiveCfg = Debug|Any CPU
		{024B0C26-BED0-467D-B332-E9796B756133}.Debug|Any CPU.Build.0 = Debug|Any CPU
		{024B0C26-BED0-467D-B332-E9796B756133}.Debug|Mixed Platforms.ActiveCfg = Debug|Any CPU
		{024B0C26-BED0-467D-B332-E9796B756133}.Debug|Mixed Platforms.Build.0 = Debug|Any CPU
		{024B0C26-BED0-467D-B332-E9796B756133}.Debug|Win32.ActiveCfg = Debug|Any CPU
		{024B0C26-BED0-467D-B332-E9796B756133}.Debug|Win32.Build.0 = Debug|Any CPU
		{024B0C26-BED0-467D-B332-E9796B756133}.Debug|x64.ActiveCfg = Debug|Any CPU
		{024B0C26-BED0-467D-B332-E9796B756133}.Debug|x64.Build.0 = Debug|Any CPU
		{024B0C26-BED0-467D-B332-E9796B756133}.MonoDebug|Any CPU.ActiveCfg = Debug|Any CPU
		{024B0C26-BED0-467D-B332-E9796B756133}.MonoDebug|Any CPU.Build.0 = Debug|Any CPU
		{024B0C26-BED0-467D-B332-E9796B756133}.MonoDebug|Mixed Platforms.ActiveCfg = Debug|Any CPU
		{024B0C26-BED0-467D-B332-E9796B756133}.MonoDebug|Mixed Platforms.Build.0 = Debug|Any CPU
		{024B0C26-BED0-467D-B332-E9796B756133}.MonoDebug|Win32.ActiveCfg = Debug|Any CPU
		{024B0C26-BED0-467D-B332-E9796B756133}.MonoDebug|Win32.Build.0 = Debug|Any CPU
		{024B0C26-BED0-467D-B332-E9796B756133}.MonoDebug|x64.ActiveCfg = Debug|Any CPU
		{024B0C26-BED0-467D-B332-E9796B756133}.MonoDebug|x64.Build.0 = Debug|Any CPU
		{024B0C26-BED0-467D-B332-E9796B756133}.MonoInstall|Any CPU.ActiveCfg = Release|Any CPU
		{024B0C26-BED0-467D-B332-E9796B756133}.MonoInstall|Any CPU.Build.0 = Release|Any CPU
		{024B0C26-BED0-467D-B332-E9796B756133}.MonoInstall|Mixed Platforms.ActiveCfg = Release|Any CPU
		{024B0C26-BED0-467D-B332-E9796B756133}.MonoInstall|Mixed Platforms.Build.0 = Release|Any CPU
		{024B0C26-BED0-467D-B332-E9796B756133}.MonoInstall|Win32.ActiveCfg = Release|Any CPU
		{024B0C26-BED0-467D-B332-E9796B756133}.MonoInstall|Win32.Build.0 = Release|Any CPU
		{024B0C26-BED0-467D-B332-E9796B756133}.MonoInstall|x64.ActiveCfg = Release|Any CPU
		{024B0C26-BED0-467D-B332-E9796B756133}.MonoInstall|x64.Build.0 = Release|Any CPU
		{024B0C26-BED0-467D-B332-E9796B756133}.MonoInstallDebug|Any CPU.ActiveCfg = Debug|Any CPU
		{024B0C26-BED0-467D-B332-E9796B756133}.MonoInstallDebug|Any CPU.Build.0 = Debug|Any CPU
		{024B0C26-BED0-467D-B332-E9796B756133}.MonoInstallDebug|Mixed Platforms.ActiveCfg = Debug|Any CPU
		{024B0C26-BED0-467D-B332-E9796B756133}.MonoInstallDebug|Mixed Platforms.Build.0 = Debug|Any CPU
		{024B0C26-BED0-467D-B332-E9796B756133}.MonoInstallDebug|Win32.ActiveCfg = Debug|Any CPU
		{024B0C26-BED0-467D-B332-E9796B756133}.MonoInstallDebug|Win32.Build.0 = Debug|Any CPU
		{024B0C26-BED0-467D-B332-E9796B756133}.MonoInstallDebug|x64.ActiveCfg = Debug|Any CPU
		{024B0C26-BED0-467D-B332-E9796B756133}.MonoInstallDebug|x64.Build.0 = Debug|Any CPU
		{024B0C26-BED0-467D-B332-E9796B756133}.Release|Any CPU.ActiveCfg = Release|Any CPU
		{024B0C26-BED0-467D-B332-E9796B756133}.Release|Any CPU.Build.0 = Release|Any CPU
		{024B0C26-BED0-467D-B332-E9796B756133}.Release|Mixed Platforms.ActiveCfg = Release|Any CPU
		{024B0C26-BED0-467D-B332-E9796B756133}.Release|Mixed Platforms.Build.0 = Release|Any CPU
		{024B0C26-BED0-467D-B332-E9796B756133}.Release|Win32.ActiveCfg = Release|Any CPU
		{024B0C26-BED0-467D-B332-E9796B756133}.Release|Win32.Build.0 = Release|Any CPU
		{024B0C26-BED0-467D-B332-E9796B756133}.Release|x64.ActiveCfg = Release|Any CPU
		{024B0C26-BED0-467D-B332-E9796B756133}.Release|x64.Build.0 = Release|Any CPU
		{024B0C26-BED0-467D-B332-E9796B756133}.UnixDebug|Any CPU.ActiveCfg = Debug|Any CPU
		{024B0C26-BED0-467D-B332-E9796B756133}.UnixDebug|Any CPU.Build.0 = Debug|Any CPU
		{024B0C26-BED0-467D-B332-E9796B756133}.UnixDebug|Mixed Platforms.ActiveCfg = Debug|Any CPU
		{024B0C26-BED0-467D-B332-E9796B756133}.UnixDebug|Mixed Platforms.Build.0 = Debug|Any CPU
		{024B0C26-BED0-467D-B332-E9796B756133}.UnixDebug|Win32.ActiveCfg = Debug|Any CPU
		{024B0C26-BED0-467D-B332-E9796B756133}.UnixDebug|x64.ActiveCfg = Debug|Any CPU
		{D07290EB-5755-453C-8CD6-5CDDED3400BE}.Debug|Any CPU.ActiveCfg = Debug|Any CPU
		{D07290EB-5755-453C-8CD6-5CDDED3400BE}.Debug|Any CPU.Build.0 = Debug|Any CPU
		{D07290EB-5755-453C-8CD6-5CDDED3400BE}.Debug|Mixed Platforms.ActiveCfg = Debug|Any CPU
		{D07290EB-5755-453C-8CD6-5CDDED3400BE}.Debug|Mixed Platforms.Build.0 = Debug|Any CPU
		{D07290EB-5755-453C-8CD6-5CDDED3400BE}.Debug|Win32.ActiveCfg = Debug|Any CPU
		{D07290EB-5755-453C-8CD6-5CDDED3400BE}.Debug|x64.ActiveCfg = Debug|Any CPU
		{D07290EB-5755-453C-8CD6-5CDDED3400BE}.Debug|x64.Build.0 = Debug|Any CPU
		{D07290EB-5755-453C-8CD6-5CDDED3400BE}.MonoDebug|Any CPU.ActiveCfg = Debug|Any CPU
		{D07290EB-5755-453C-8CD6-5CDDED3400BE}.MonoDebug|Any CPU.Build.0 = Debug|Any CPU
		{D07290EB-5755-453C-8CD6-5CDDED3400BE}.MonoDebug|Mixed Platforms.ActiveCfg = Debug|Any CPU
		{D07290EB-5755-453C-8CD6-5CDDED3400BE}.MonoDebug|Mixed Platforms.Build.0 = Debug|Any CPU
		{D07290EB-5755-453C-8CD6-5CDDED3400BE}.MonoDebug|Win32.ActiveCfg = Debug|Any CPU
		{D07290EB-5755-453C-8CD6-5CDDED3400BE}.MonoDebug|x64.ActiveCfg = Debug|Any CPU
		{D07290EB-5755-453C-8CD6-5CDDED3400BE}.MonoInstall|Any CPU.ActiveCfg = Release|Any CPU
		{D07290EB-5755-453C-8CD6-5CDDED3400BE}.MonoInstall|Any CPU.Build.0 = Release|Any CPU
		{D07290EB-5755-453C-8CD6-5CDDED3400BE}.MonoInstall|Mixed Platforms.ActiveCfg = Release|Any CPU
		{D07290EB-5755-453C-8CD6-5CDDED3400BE}.MonoInstall|Mixed Platforms.Build.0 = Release|Any CPU
		{D07290EB-5755-453C-8CD6-5CDDED3400BE}.MonoInstall|Win32.ActiveCfg = Release|Any CPU
		{D07290EB-5755-453C-8CD6-5CDDED3400BE}.MonoInstall|x64.ActiveCfg = Release|Any CPU
		{D07290EB-5755-453C-8CD6-5CDDED3400BE}.MonoInstallDebug|Any CPU.ActiveCfg = Debug|Any CPU
		{D07290EB-5755-453C-8CD6-5CDDED3400BE}.MonoInstallDebug|Any CPU.Build.0 = Debug|Any CPU
		{D07290EB-5755-453C-8CD6-5CDDED3400BE}.MonoInstallDebug|Mixed Platforms.ActiveCfg = Debug|Any CPU
		{D07290EB-5755-453C-8CD6-5CDDED3400BE}.MonoInstallDebug|Mixed Platforms.Build.0 = Debug|Any CPU
		{D07290EB-5755-453C-8CD6-5CDDED3400BE}.MonoInstallDebug|Win32.ActiveCfg = Debug|Any CPU
		{D07290EB-5755-453C-8CD6-5CDDED3400BE}.MonoInstallDebug|x64.ActiveCfg = Debug|Any CPU
		{D07290EB-5755-453C-8CD6-5CDDED3400BE}.Release|Any CPU.ActiveCfg = Release|Any CPU
		{D07290EB-5755-453C-8CD6-5CDDED3400BE}.Release|Any CPU.Build.0 = Release|Any CPU
		{D07290EB-5755-453C-8CD6-5CDDED3400BE}.Release|Mixed Platforms.ActiveCfg = Release|Any CPU
		{D07290EB-5755-453C-8CD6-5CDDED3400BE}.Release|Mixed Platforms.Build.0 = Release|Any CPU
		{D07290EB-5755-453C-8CD6-5CDDED3400BE}.Release|Win32.ActiveCfg = Release|Any CPU
		{D07290EB-5755-453C-8CD6-5CDDED3400BE}.Release|x64.ActiveCfg = Release|Any CPU
		{D07290EB-5755-453C-8CD6-5CDDED3400BE}.Release|x64.Build.0 = Release|Any CPU
		{D07290EB-5755-453C-8CD6-5CDDED3400BE}.UnixDebug|Any CPU.ActiveCfg = Debug|Any CPU
		{D07290EB-5755-453C-8CD6-5CDDED3400BE}.UnixDebug|Any CPU.Build.0 = Debug|Any CPU
		{D07290EB-5755-453C-8CD6-5CDDED3400BE}.UnixDebug|Mixed Platforms.ActiveCfg = Debug|Any CPU
		{D07290EB-5755-453C-8CD6-5CDDED3400BE}.UnixDebug|Mixed Platforms.Build.0 = Debug|Any CPU
		{D07290EB-5755-453C-8CD6-5CDDED3400BE}.UnixDebug|Win32.ActiveCfg = Debug|Any CPU
		{D07290EB-5755-453C-8CD6-5CDDED3400BE}.UnixDebug|x64.ActiveCfg = Debug|Any CPU
	EndGlobalSection
	GlobalSection(SolutionProperties) = preSolution
		HideSolutionNode = FALSE
	EndGlobalSection
	GlobalSection(ExtensibilityGlobals) = postSolution
		SolutionGuid = {9A1B5065-A75F-49C6-B03D-D00CBD8E2C54}
	EndGlobalSection
EndGlobal
