
Microsoft Visual Studio Solution File, Format Version 11.00
# Visual Studio 2010
Project("{FAE04EC0-301F-11D3-BF4B-00C04F79EFBC}") = "ClrFacade", "ClrFacade\ClrFacade.csproj", "{024B0C26-BED0-467D-B332-E9796B756133}"
EndProject
Project("{FAE04EC0-301F-11D3-BF4B-00C04F79EFBC}") = "TestApp", "RclrTests\TestApp\TestApp.csproj", "{00CD413A-C00E-45D5-940D-2C6C6F65F520}"
EndProject
Project("{FAE04EC0-301F-11D3-BF4B-00C04F79EFBC}") = "RclrTests", "RclrTests\RclrTests.csproj", "{D07290EB-5755-453C-8CD6-5CDDED3400BE}"
EndProject
Global
	GlobalSection(SolutionConfigurationPlatforms) = preSolution
		Debug|Any CPU = Debug|Any CPU
		MonoDebug|Any CPU = MonoDebug|Any CPU
		MonoInstall|Any CPU = MonoInstall|Any CPU
		MonoInstallDebug|Any CPU = MonoInstallDebug|Any CPU
		Release|Any CPU = Release|Any CPU
		Unix|Any CPU = Unix|Any CPU
		UnixDebug|Any CPU = UnixDebug|Any CPU
	EndGlobalSection
	GlobalSection(ProjectConfigurationPlatforms) = postSolution
		{00CD413A-C00E-45D5-940D-2C6C6F65F520}.Debug|Any CPU.ActiveCfg = Debug|Any CPU
		{00CD413A-C00E-45D5-940D-2C6C6F65F520}.Debug|Any CPU.Build.0 = Debug|Any CPU
		{00CD413A-C00E-45D5-940D-2C6C6F65F520}.MonoDebug|Any CPU.ActiveCfg = Debug|Any CPU
		{00CD413A-C00E-45D5-940D-2C6C6F65F520}.MonoDebug|Any CPU.Build.0 = Debug|Any CPU
		{00CD413A-C00E-45D5-940D-2C6C6F65F520}.MonoInstall|Any CPU.ActiveCfg = Debug|Any CPU
		{00CD413A-C00E-45D5-940D-2C6C6F65F520}.MonoInstall|Any CPU.Build.0 = Debug|Any CPU
		{00CD413A-C00E-45D5-940D-2C6C6F65F520}.MonoInstallDebug|Any CPU.ActiveCfg = Debug|Any CPU
		{00CD413A-C00E-45D5-940D-2C6C6F65F520}.MonoInstallDebug|Any CPU.Build.0 = Debug|Any CPU
		{00CD413A-C00E-45D5-940D-2C6C6F65F520}.Release|Any CPU.ActiveCfg = Release|Any CPU
		{00CD413A-C00E-45D5-940D-2C6C6F65F520}.Release|Any CPU.Build.0 = Release|Any CPU
		{00CD413A-C00E-45D5-940D-2C6C6F65F520}.Unix|Any CPU.ActiveCfg = Release|Any CPU
		{00CD413A-C00E-45D5-940D-2C6C6F65F520}.Unix|Any CPU.Build.0 = Release|Any CPU
		{00CD413A-C00E-45D5-940D-2C6C6F65F520}.UnixDebug|Any CPU.ActiveCfg = Debug|Any CPU
		{00CD413A-C00E-45D5-940D-2C6C6F65F520}.UnixDebug|Any CPU.Build.0 = Debug|Any CPU
		{024B0C26-BED0-467D-B332-E9796B756133}.Debug|Any CPU.ActiveCfg = Debug|Any CPU
		{024B0C26-BED0-467D-B332-E9796B756133}.Debug|Any CPU.Build.0 = Debug|Any CPU
		{024B0C26-BED0-467D-B332-E9796B756133}.MonoDebug|Any CPU.ActiveCfg = MonoDebug|Any CPU
		{024B0C26-BED0-467D-B332-E9796B756133}.MonoDebug|Any CPU.Build.0 = MonoDebug|Any CPU
		{024B0C26-BED0-467D-B332-E9796B756133}.MonoInstall|Any CPU.ActiveCfg = MonoInstall|Any CPU
		{024B0C26-BED0-467D-B332-E9796B756133}.MonoInstall|Any CPU.Build.0 = MonoInstall|Any CPU
		{024B0C26-BED0-467D-B332-E9796B756133}.MonoInstallDebug|Any CPU.ActiveCfg = MonoInstallDebug|Any CPU
		{024B0C26-BED0-467D-B332-E9796B756133}.MonoInstallDebug|Any CPU.Build.0 = MonoInstallDebug|Any CPU
		{024B0C26-BED0-467D-B332-E9796B756133}.Release|Any CPU.ActiveCfg = Release|Any CPU
		{024B0C26-BED0-467D-B332-E9796B756133}.Release|Any CPU.Build.0 = Release|Any CPU
		{024B0C26-BED0-467D-B332-E9796B756133}.Unix|Any CPU.ActiveCfg = Release|Any CPU
		{024B0C26-BED0-467D-B332-E9796B756133}.Unix|Any CPU.Build.0 = Release|Any CPU
		{024B0C26-BED0-467D-B332-E9796B756133}.UnixDebug|Any CPU.ActiveCfg = Debug|Any CPU
		{024B0C26-BED0-467D-B332-E9796B756133}.UnixDebug|Any CPU.Build.0 = Debug|Any CPU
		{D07290EB-5755-453C-8CD6-5CDDED3400BE}.Debug|Any CPU.ActiveCfg = Debug|Any CPU
		{D07290EB-5755-453C-8CD6-5CDDED3400BE}.Debug|Any CPU.Build.0 = Debug|Any CPU
		{D07290EB-5755-453C-8CD6-5CDDED3400BE}.MonoDebug|Any CPU.ActiveCfg = Debug|Any CPU
		{D07290EB-5755-453C-8CD6-5CDDED3400BE}.MonoDebug|Any CPU.Build.0 = Debug|Any CPU
		{D07290EB-5755-453C-8CD6-5CDDED3400BE}.MonoInstall|Any CPU.ActiveCfg = Debug|Any CPU
		{D07290EB-5755-453C-8CD6-5CDDED3400BE}.MonoInstall|Any CPU.Build.0 = Debug|Any CPU
		{D07290EB-5755-453C-8CD6-5CDDED3400BE}.MonoInstallDebug|Any CPU.ActiveCfg = Debug|Any CPU
		{D07290EB-5755-453C-8CD6-5CDDED3400BE}.MonoInstallDebug|Any CPU.Build.0 = Debug|Any CPU
		{D07290EB-5755-453C-8CD6-5CDDED3400BE}.Release|Any CPU.ActiveCfg = Release|Any CPU
		{D07290EB-5755-453C-8CD6-5CDDED3400BE}.Release|Any CPU.Build.0 = Release|Any CPU
		{D07290EB-5755-453C-8CD6-5CDDED3400BE}.Unix|Any CPU.ActiveCfg = Release|Any CPU
		{D07290EB-5755-453C-8CD6-5CDDED3400BE}.Unix|Any CPU.Build.0 = Release|Any CPU
		{D07290EB-5755-453C-8CD6-5CDDED3400BE}.UnixDebug|Any CPU.ActiveCfg = Debug|Any CPU
		{D07290EB-5755-453C-8CD6-5CDDED3400BE}.UnixDebug|Any CPU.Build.0 = Debug|Any CPU
	EndGlobalSection
	GlobalSection(MonoDevelopProperties) = preSolution
		StartupItem = RclrTests\TestApp\TestApp.csproj
		Policies = $0
		$0.TextStylePolicy = $1
		$1.inheritsSet = VisualStudio
		$1.inheritsScope = text/plain
		$1.scope = text/x-csharp
		$0.CSharpFormattingPolicy = $2
		$2.IndentSwitchBody = True
		$2.AnonymousMethodBraceStyle = NextLine
		$2.PropertyBraceStyle = NextLine
		$2.PropertyGetBraceStyle = NextLine
		$2.PropertySetBraceStyle = NextLine
		$2.EventBraceStyle = NextLine
		$2.EventAddBraceStyle = NextLine
		$2.EventRemoveBraceStyle = NextLine
		$2.StatementBraceStyle = NextLine
		$2.ElseNewLinePlacement = NewLine
		$2.CatchNewLinePlacement = NewLine
		$2.FinallyNewLinePlacement = NewLine
		$2.WhileNewLinePlacement = DoNotCare
		$2.ArrayInitializerWrapping = DoNotChange
		$2.ArrayInitializerBraceStyle = NextLine
		$2.BeforeMethodDeclarationParentheses = False
		$2.BeforeMethodCallParentheses = False
		$2.BeforeConstructorDeclarationParentheses = False
		$2.BeforeDelegateDeclarationParentheses = False
		$2.NewParentheses = False
		$2.SpacesBeforeBrackets = False
		$2.inheritsSet = Mono
		$2.inheritsScope = text/x-csharp
		$2.scope = text/x-csharp
	EndGlobalSection
	GlobalSection(SolutionProperties) = preSolution
		HideSolutionNode = FALSE
	EndGlobalSection
EndGlobal
